# THIS IS AN AUTOGENERATED FILE. DO NOT EDIT THIS FILE DIRECTLY.
# yarn lockfile v1


"@esbuild/darwin-arm64@0.27.4":
  version "0.27.4"
  resolved "https://registry.npmjs.org/@esbuild/darwin-arm64/-/darwin-arm64-0.27.4.tgz"
  integrity sha512-b7xaGIwdJlht8ZFCvMkpDN6uiSmnxxK56N2GDTMYPr2/gzvfdQN8rTfBsvVKmIVY/X7EM+/hJKEIbbHs9oA4tQ==

"@types/node@^20.0.0":
  version "20.19.37"
  resolved "https://registry.npmjs.org/@types/node/-/node-20.19.37.tgz"
  integrity sha512-8kzdPJ3FsNsVIurqBs7oodNnCEVbni9yUEkaHbgptDACOPW04jimGagZ51E6+lXUwJjgnBw+hyko/lkFWCldqw==
  dependencies:
    undici-types "~6.21.0"

dotenv@^17.2.3:
  version "17.3.1"
  resolved "https://registry.npmjs.org/dotenv/-/dotenv-17.3.1.tgz"
  integrity sha512-IO8C/dzEb6O3F9/twg6ZLXz164a2fhTnEWb95H23Dm4OuN+92NmEAlTrupP9VW6Jm3sO26tQlqyvyi4CsnY9GA==

esbuild@~0.27.0:
  version "0.27.4"
  resolved "https://registry.npmjs.org/esbuild/-/esbuild-0.27.4.tgz"
  integrity sha512-Rq4vbHnYkK5fws5NF7MYTU68FPRE1ajX7heQ/8QXXWqNgqqJ/GkmmyxIzUnf2Sr/bakf8l54716CcMGHYhMrrQ==
  optionalDependencies:
    "@esbuild/aix-ppc64" "0.27.4"
    "@esbuild/android-arm" "0.27.4"
    "@esbuild/android-arm64" "0.27.4"
    "@esbuild/android-x64" "0.27.4"
    "@esbuild/darwin-arm64" "0.27.4"
    "@esbuild/darwin-x64" "0.27.4"
    "@esbuild/freebsd-arm64" "0.27.4"
    "@esbuild/freebsd-x64" "0.27.4"
    "@esbuild/linux-arm" "0.27.4"
    "@esbuild/linux-arm64" "0.27.4"
    "@esbuild/linux-ia32" "0.27.4"
    "@esbuild/linux-loong64" "0.27.4"
    "@esbuild/linux-mips64el" "0.27.4"
    "@esbuild/linux-ppc64" "0.27.4"
    "@esbuild/linux-riscv64" "0.27.4"
    "@esbuild/linux-s390x" "0.27.4"
    "@esbuild/linux-x64" "0.27.4"
    "@esbuild/netbsd-arm64" "0.27.4"
    "@esbuild/netbsd-x64" "0.27.4"
    "@esbuild/openbsd-arm64" "0.27.4"
    "@esbuild/openbsd-x64" "0.27.4"
    "@esbuild/openharmony-arm64" "0.27.4"
    "@esbuild/sunos-x64" "0.27.4"
    "@esbuild/win32-arm64" "0.27.4"
    "@esbuild/win32-ia32" "0.27.4"
    "@esbuild/win32-x64" "0.27.4"

fsevents@~2.3.3:
  version "2.3.3"
  resolved "https://registry.npmjs.org/fsevents/-/fsevents-2.3.3.tgz"
  integrity sha512-5xoDfX+fL7faATnagmWPpbFtwh/R77WmMMqqHGS65C3vvB0YHrgF+B1YmZ3441tMj5n63k0212XNoJwzlhffQw==

get-tsconfig@^4.7.5:
  version "4.13.7"
  resolved "https://registry.npmjs.org/get-tsconfig/-/get-tsconfig-4.13.7.tgz"
  integrity sha512-7tN6rFgBlMgpBML5j8typ92BKFi2sFQvIdpAqLA2beia5avZDrMs0FLZiM5etShWq5irVyGcGMEA1jcDaK7A/Q==
  dependencies:
    resolve-pkg-maps "^1.0.0"

node-appwrite@^14.1.0:
  version "14.2.0"
  resolved "https://registry.npmjs.org/node-appwrite/-/node-appwrite-14.2.0.tgz"
  integrity sha512-sPPA+JzdBJRS+lM6azX85y3/6iyKQYlHcXCbjMuWLROh6IiU9EfXRW3XSUTa5HDoBrlo8ve+AnVA6BIjQfUs1g==
  dependencies:
    node-fetch-native-with-agent "1.7.2"

node-fetch-native-with-agent@1.7.2:
  version "1.7.2"
  resolved "https://registry.npmjs.org/node-fetch-native-with-agent/-/node-fetch-native-with-agent-1.7.2.tgz"
  integrity sha512-5MaOOCuJEvcckoz7/tjdx1M6OusOY6Xc5f459IaruGStWnKzlI1qpNgaAwmn4LmFYcsSlj+jBMk84wmmRxfk5g==

prettier@^3.2.5:
  version "3.8.1"
  resolved "https://registry.npmjs.org/prettier/-/prettier-3.8.1.tgz"
  integrity sha512-UOnG6LftzbdaHZcKoPFtOcCKztrQ57WkHDeRD9t/PTQtmT0NHSeWWepj6pS0z/N7+08BHFDQVUrfmfMRcZwbMg==

resolve-pkg-maps@^1.0.0:
  version "1.0.0"
  resolved "https://registry.npmjs.org/resolve-pkg-maps/-/resolve-pkg-maps-1.0.0.tgz"
  integrity sha512-seS2Tj26TBVOC2NIc2rOe2y2ZO7efxITtLZcGSOnHHNOQ7CkiUBfw0Iw2ck6xkIhPwLhKNLS8BO+hEpngQlqzw==

tsx@^4.7.0:
  version "4.21.0"
  resolved "https://registry.npmjs.org/tsx/-/tsx-4.21.0.tgz"
  integrity sha512-5C1sg4USs1lfG0GFb2RLXsdpXqBSEhAaA/0kPL01wxzpMqLILNxIxIOKiILz+cdg/pLnOUxFYOR5yhHU666wbw==
  dependencies:
    esbuild "~0.27.0"
    get-tsconfig "^4.7.5"
  optionalDependencies:
    fsevents "~2.3.3"

typescript@^5.0.0:
  version "5.9.3"
  resolved "https://registry.npmjs.org/typescript/-/typescript-5.9.3.tgz"
  integrity sha512-jl1vZzPDinLr9eUt3J/t7V6FgNEw9QjvBPdysz9KfQDD41fQrC2Y4vKQdiaUpFT4bXlb1RHhLpp8wtm6M5TgSw==

undici-types@~6.21.0:
  version "6.21.0"
  resolved "https://registry.npmjs.org/undici-types/-/undici-types-6.21.0.tgz"
  integrity sha512-iwDZqg0QAGrg9Rav5H4n0M64c3mkR59cJ6wQp+7C4nI0gsmExaedaYLNO44eT4AtBBwjbTiGPMlt2Md0T9H9JQ==
